// !$*UTF8*$!
{
	archiveVersion = 1;
	classes = {
	};
	objectVersion = 77;
	objects = {

/* Begin PBXContainerItemProxy section */
		A369C1CA2D4121BF003EA6F6 /* PBXContainerItemProxy */ = {
			isa = PBXContainerItemProxy;
			containerPortal = A369C1B12D4121BD003EA6F6 /* Project object */;
			proxyType = 1;
			remoteGlobalIDString = A369C1B82D4121BD003EA6F6;
			remoteInfo = SnowSeeker;
		};
		A369C1D42D4121BF003EA6F6 /* PBXContainerItemProxy */ = {
			isa = PBXContainerItemProxy;
			containerPortal = A369C1B12D4121BD003EA6F6 /* Project object */;
			proxyType = 1;
			remoteGlobalIDString = A369C1B82D4121BD003EA6F6;
			remoteInfo = SnowSeeker;
		};
/* End PBXContainerItemProxy section */

/* Begin PBXFileReference section */
		A369C1B92D4121BD003EA6F6 /* SnowSeeker.app */ = {isa = PBXFileReference; explicitFileType = wrapper.application; includeInIndex = 0; path = SnowSeeker.app; sourceTree = BUILT_PRODUCTS_DIR; };
		A369C1C92D4121BF003EA6F6 /* SnowSeekerTests.xctest */ = {isa = PBXFileReference; explicitFileType = wrapper.cfbundle; includeInIndex = 0; path = SnowSeekerTests.xctest; sourceTree = BUILT_PRODUCTS_DIR; };
		A369C1D32D4121BF003EA6F6 /* SnowSeekerUITests.xctest */ = {isa = PBXFileReference; explicitFileType = wrapper.cfbundle; includeInIndex = 0; path = SnowSeekerUITests.xctest; sourceTree = BUILT_PRODUCTS_DIR; };
/* End PBXFileReference section */

/* Begin PBXFileSystemSynchronizedRootGroup section */
		A369C1BB2D4121BD003EA6F6 /* SnowSeeker */ = {
			isa = PBXFileSystemSynchronizedRootGroup;
			path = SnowSeeker;
			sourceTree = "<group>";
		};
		A369C1CC2D4121BF003EA6F6 /* SnowSeekerTests */ = {
			isa = PBXFileSystemSynchronizedRootGroup;
			path = SnowSeekerTests;
			sourceTree = "<group>";
		};
		A369C1D62D4121BF003EA6F6 /* SnowSeekerUITests */ = {
			isa = PBXFileSystemSynchronizedRootGroup;
			path = SnowSeekerUITests;
			sourceTree = "<group>";
		};
/* End PBXFileSystemSynchronizedRootGroup section */

/* Begin PBXFrameworksBuildPhase section */
		A369C1B62D4121BD003EA6F6 /* Frameworks */ = {
			isa = PBXFrameworksBuildPhase;
			buildActionMask = 2147483647;
			files = (
			);
			runOnlyForDeploymentPostprocessing = 0;
		};
		A369C1C62D4121BF003EA6F6 /* Frameworks */ = {
			isa = PBXFrameworksBuildPhase;
			buildActionMask = 2147483647;
			files = (
			);
			runOnlyForDeploymentPostprocessing = 0;
		};
		A369C1D02D4121BF003EA6F6 /* Frameworks */ = {
			isa = PBXFrameworksBuildPhase;
			buildActionMask = 2147483647;
			files = (
			);
			runOnlyForDeploymentPostprocessing = 0;
		};
/* End PBXFrameworksBuildPhase section */

/* Begin PBXGroup section */
		A369C1B02D4121BD003EA6F6 = {
			isa = PBXGroup;
			children = (
				A369C1BB2D4121BD003EA6F6 /* SnowSeeker */,
				A369C1CC2D4121BF003EA6F6 /* SnowSeekerTests */,
				A369C1D62D4121BF003EA6F6 /* SnowSeekerUITests */,
				A369C1BA2D4121BD003EA6F6 /* Products */,
			);
			sourceTree = "<group>";
		};
		A369C1BA2D4121BD003EA6F6 /* Products */ = {
			isa = PBXGroup;
			children = (
				A369C1B92D4121BD003EA6F6 /* SnowSeeker.app */,
				A369C1C92D4121BF003EA6F6 /* SnowSeekerTests.xctest */,
				A369C1D32D4121BF003EA6F6 /* SnowSeekerUITests.xctest */,
			);
			name = Products;
			sourceTree = "<group>";
		};
/* End PBXGroup section */

/* Begin PBXNativeTarget section */
		A369C1B82D4121BD003EA6F6 /* SnowSeeker */ = {
			isa = PBXNativeTarget;
			buildConfigurationList = A369C1DD2D4121BF003EA6F6 /* Build configuration list for PBXNativeTarget "SnowSeeker" */;
			buildPhases = (
				A369C1B52D4121BD003EA6F6 /* Sources */,
				A369C1B62D4121BD003EA6F6 /* Frameworks */,
				A369C1B72D4121BD003EA6F6 /* Resources */,
			);
			buildRules = (
			);
			dependencies = (
			);
			fileSystemSynchronizedGroups = (
				A369C1BB2D4121BD003EA6F6 /* SnowSeeker */,
			);
			name = SnowSeeker;
			packageProductDependencies = (
			);
			productName = SnowSeeker;
			productReference = A369C1B92D4121BD003EA6F6 /* SnowSeeker.app */;
			productType = "com.apple.product-type.application";
		};
		A369C1C82D4121BF003EA6F6 /* SnowSeekerTests */ = {
			isa = PBXNativeTarget;
			buildConfigurationList = A369C1E02D4121BF003EA6F6 /* Build configuration list for PBXNativeTarget "SnowSeekerTests" */;
			buildPhases = (
				A369C1C52D4121BF003EA6F6 /* Sources */,
				A369C1C62D4121BF003EA6F6 /* Frameworks */,
				A369C1C72D4121BF003EA6F6 /* Resources */,
			);
			buildRules = (
			);
			dependencies = (
				A369C1CB2D4121BF003EA6F6 /* PBXTargetDependency */,
			);
			fileSystemSynchronizedGroups = (
				A369C1CC2D4121BF003EA6F6 /* SnowSeekerTests */,
			);
			name = SnowSeekerTests;
			packageProductDependencies = (
			);
			productName = SnowSeekerTests;
			productReference = A369C1C92D4121BF003EA6F6 /* SnowSeekerTests.xctest */;
			productType = "com.apple.product-type.bundle.unit-test";
		};
		A369C1D22D4121BF003EA6F6 /* SnowSeekerUITests */ = {
			isa = PBXNativeTarget;
			buildConfigurationList = A369C1E32D4121BF003EA6F6 /* Build configuration list for PBXNativeTarget "SnowSeekerUITests" */;
			buildPhases = (
				A369C1CF2D4121BF003EA6F6 /* Sources */,
				A369C1D02D4121BF003EA6F6 /* Frameworks */,
				A369C1D12D4121BF003EA6F6 /* Resources */,
			);
			buildRules = (
			);
			dependencies = (
				A369C1D52D4121BF003EA6F6 /* PBXTargetDependency */,
			);
			fileSystemSynchronizedGroups = (
				A369C1D62D4121BF003EA6F6 /* SnowSeekerUITests */,
			);
			name = SnowSeekerUITests;
			packageProductDependencies = (
			);
			productName = SnowSeekerUITests;
			productReference = A369C1D32D4121BF003EA6F6 /* SnowSeekerUITests.xctest */;
			productType = "com.apple.product-type.bundle.ui-testing";
		};
/* End PBXNativeTarget section */

/* Begin PBXProject section */
		A369C1B12D4121BD003EA6F6 /* Project object */ = {
			isa = PBXProject;
			attributes = {
				BuildIndependentTargetsInParallel = 1;
				LastSwiftUpdateCheck = 1620;
				LastUpgradeCheck = 1620;
				TargetAttributes = {
					A369C1B82D4121BD003EA6F6 = {
						CreatedOnToolsVersion = 16.2;
					};
					A369C1C82D4121BF003EA6F6 = {
						CreatedOnToolsVersion = 16.2;
						TestTargetID = A369C1B82D4121BD003EA6F6;
					};
					A369C1D22D4121BF003EA6F6 = {
						CreatedOnToolsVersion = 16.2;
						TestTargetID = A369C1B82D4121BD003EA6F6;
					};
				};
			};
			buildConfigurationList = A369C1B42D4121BD003EA6F6 /* Build configuration list for PBXProject "SnowSeeker" */;
			developmentRegion = en;
			hasScannedForEncodings = 0;
			knownRegions = (
				en,
				Base,
			);
			mainGroup = A369C1B02D4121BD003EA6F6;
			minimizedProjectReferenceProxies = 1;
			preferredProjectObjectVersion = 77;
			productRefGroup = A369C1BA2D4121BD003EA6F6 /* Products */;
			projectDirPath = "";
			projectRoot = "";
			targets = (
				A369C1B82D4121BD003EA6F6 /* SnowSeeker */,
				A369C1C82D4121BF003EA6F6 /* SnowSeekerTests */,
				A369C1D22D4121BF003EA6F6 /* SnowSeekerUITests */,
			);
		};
/* End PBXProject section */

/* Begin PBXResourcesBuildPhase section */
		A369C1B72D4121BD003EA6F6 /* Resources */ = {
			isa = PBXResourcesBuildPhase;
			buildActionMask = 2147483647;
			files = (
			);
			runOnlyForDeploymentPostprocessing = 0;
		};
		A369C1C72D4121BF003EA6F6 /* Resources */ = {
			isa = PBXResourcesBuildPhase;
			buildActionMask = 2147483647;
			files = (
			);
			runOnlyForDeploymentPostprocessing = 0;
		};
		A369C1D12D4121BF003EA6F6 /* Resources */ = {
			isa = PBXResourcesBuildPhase;
			buildActionMask = 2147483647;
			files = (
			);
			runOnlyForDeploymentPostprocessing = 0;
		};
/* End PBXResourcesBuildPhase section */

/* Begin PBXSourcesBuildPhase section */
		A369C1B52D4121BD003EA6F6 /* Sources */ = {
			isa = PBXSourcesBuildPhase;
			buildActionMask = 2147483647;
			files = (
			);
			runOnlyForDeploymentPostprocessing = 0;
		};
		A369C1C52D4121BF003EA6F6 /* Sources */ = {
			isa = PBXSourcesBuildPhase;
			buildActionMask = 2147483647;
			files = (
			);
			runOnlyForDeploymentPostprocessing = 0;
		};
		A369C1CF2D4121BF003EA6F6 /* Sources */ = {
			isa = PBXSourcesBuildPhase;
			buildActionMask = 2147483647;
			files = (
			);
			runOnlyForDeploymentPostprocessing = 0;
		};
/* End PBXSourcesBuildPhase section */

/* Begin PBXTargetDependency section */
		A369C1CB2D4121BF003EA6F6 /* PBXTargetDependency */ = {
			isa = PBXTargetDependency;
			target = A369C1B82D4121BD003EA6F6 /* SnowSeeker */;
			targetProxy = A369C1CA2D4121BF003EA6F6 /* PBXContainerItemProxy */;
		};
		A369C1D52D4121BF003EA6F6 /* PBXTargetDependency */ = {
			isa = PBXTargetDependency;
			target = A369C1B82D4121BD003EA6F6 /* SnowSeeker */;
			targetProxy = A369C1D42D4121BF003EA6F6 /* PBXContainerItemProxy */;
		};
/* End PBXTargetDependency section */

/* Begin XCBuildConfiguration section */
		A369C1DB2D4121BF003EA6F6 /* Debug */ = {
			isa = XCBuildConfiguration;
			buildSettings = {
				ALWAYS_SEARCH_USER_PATHS = NO;
				ASSETCATALOG_COMPILER_GENERATE_SWIFT_ASSET_SYMBOL_EXTENSIONS = YES;
				CLANG_ANALYZER_NONNULL = YES;
				CLANG_ANALYZER_NUMBER_OBJECT_CONVERSION = YES_AGGRESSIVE;
				CLANG_CXX_LANGUAGE_STANDARD = "gnu++20";
				CLANG_ENABLE_MODULES = YES;
				CLANG_ENABLE_OBJC_ARC = YES;
				CLANG_ENABLE_OBJC_WEAK = YES;
				CLANG_WARN_BLOCK_CAPTURE_AUTORELEASING = YES;
				CLANG_WARN_BOOL_CONVERSION = YES;
				CLANG_WARN_COMMA = YES;
				CLANG_WARN_CONSTANT_CONVERSION = YES;
				CLANG_WARN_DEPRECATED_OBJC_IMPLEMENTATIONS = YES;
				CLANG_WARN_DIRECT_OBJC_ISA_USAGE = YES_ERROR;
				CLANG_WARN_DOCUMENTATION_COMMENTS = YES;
				CLANG_WARN_EMPTY_BODY = YES;
				CLANG_WARN_ENUM_CONVERSION = YES;
				CLANG_WARN_INFINITE_RECURSION = YES;
				CLANG_WARN_INT_CONVERSION = YES;
				CLANG_WARN_NON_LITERAL_NULL_CONVERSION = YES;
				CLANG_WARN_OBJC_IMPLICIT_RETAIN_SELF = YES;
				CLANG_WARN_OBJC_LITERAL_CONVERSION = YES;
				CLANG_WARN_OBJC_ROOT_CLASS = YES_ERROR;
				CLANG_WARN_QUOTED_INCLUDE_IN_FRAMEWORK_HEADER = YES;
				CLANG_WARN_RANGE_LOOP_ANALYSIS = YES;
				CLANG_WARN_STRICT_PROTOTYPES = YES;
				CLANG_WARN_SUSPICIOUS_MOVE = YES;
				CLANG_WARN_UNGUARDED_AVAILABILITY = YES_AGGRESSIVE;
				CLANG_WARN_UNREACHABLE_CODE = YES;
				CLANG_WARN__DUPLICATE_METHOD_MATCH = YES;
				COPY_PHASE_STRIP = NO;
				DEBUG_INFORMATION_FORMAT = dwarf;
				ENABLE_STRICT_OBJC_MSGSEND = YES;
				ENABLE_TESTABILITY = YES;
				ENABLE_USER_SCRIPT_SANDBOXING = YES;
				GCC_C_LANGUAGE_STANDARD = gnu17;
				GCC_DYNAMIC_NO_PIC = NO;
				GCC_NO_COMMON_BLOCKS = YES;
				GCC_OPTIMIZATION_LEVEL = 0;
				GCC_PREPROCESSOR_DEFINITIONS = (
					"DEBUG=1",
					"$(inherited)",
				);
				GCC_WARN_64_TO_32_BIT_CONVERSION = YES;
				GCC_WARN_ABOUT_RETURN_TYPE = YES_ERROR;
				GCC_WARN_UNDECLARED_SELECTOR = YES;
				GCC_WARN_UNINITIALIZED_AUTOS = YES_AGGRESSIVE;
				GCC_WARN_UNUSED_FUNCTION = YES;
				GCC_WARN_UNUSED_VARIABLE = YES;
				IPHONEOS_DEPLOYMENT_TARGET = 18.2;
				LOCALIZATION_PREFERS_STRING_CATALOGS = YES;
				MTL_ENABLE_DEBUG_INFO = INCLUDE_SOURCE;
				MTL_FAST_MATH = YES;
				ONLY_ACTIVE_ARCH = YES;
				SDKROOT = iphoneos;
				SWIFT_ACTIVE_COMPILATION_CONDITIONS = "DEBUG $(inherited)";
				SWIFT_OPTIMIZATION_LEVEL = "-Onone";
			};
			name = Debug;
		};
		A369C1DC2D4121BF003EA6F6 /* Release */ = {
			isa = XCBuildConfiguration;
			buildSettings = {
				ALWAYS_SEARCH_USER_PATHS = NO;
				ASSETCATALOG_COMPILER_GENERATE_SWIFT_ASSET_SYMBOL_EXTENSIONS = YES;
				CLANG_ANALYZER_NONNULL = YES;
				CLANG_ANALYZER_NUMBER_OBJECT_CONVERSION = YES_AGGRESSIVE;
				CLANG_CXX_LANGUAGE_STANDARD = "gnu++20";
				CLANG_ENABLE_MODULES = YES;
				CLANG_ENABLE_OBJC_ARC = YES;
				CLANG_ENABLE_OBJC_WEAK = YES;
				CLANG_WARN_BLOCK_CAPTURE_AUTORELEASING = YES;
				CLANG_WARN_BOOL_CONVERSION = YES;
				CLANG_WARN_COMMA = YES;
				CLANG_WARN_CONSTANT_CONVERSION = YES;
				CLANG_WARN_DEPRECATED_OBJC_IMPLEMENTATIONS = YES;
				CLANG_WARN_DIRECT_OBJC_ISA_USAGE = YES_ERROR;
				CLANG_WARN_DOCUMENTATION_COMMENTS = YES;
				CLANG_WARN_EMPTY_BODY = YES;
				CLANG_WARN_ENUM_CONVERSION = YES;
				CLANG_WARN_INFINITE_RECURSION = YES;
				CLANG_WARN_INT_CONVERSION = YES;
				CLANG_WARN_NON_LITERAL_NULL_CONVERSION = YES;
				CLANG_WARN_OBJC_IMPLICIT_RETAIN_SELF = YES;
				CLANG_WARN_OBJC_LITERAL_CONVERSION = YES;
				CLANG_WARN_OBJC_ROOT_CLASS = YES_ERROR;
				CLANG_WARN_QUOTED_INCLUDE_IN_FRAMEWORK_HEADER = YES;
				CLANG_WARN_RANGE_LOOP_ANALYSIS = YES;
				CLANG_WARN_STRICT_PROTOTYPES = YES;
				CLANG_WARN_SUSPICIOUS_MOVE = YES;
				CLANG_WARN_UNGUARDED_AVAILABILITY = YES_AGGRESSIVE;
				CLANG_WARN_UNREACHABLE_CODE = YES;
				CLANG_WARN__DUPLICATE_METHOD_MATCH = YES;
				COPY_PHASE_STRIP = NO;
				DEBUG_INFORMATION_FORMAT = "dwarf-with-dsym";
				ENABLE_NS_ASSERTIONS = NO;
				ENABLE_STRICT_OBJC_MSGSEND = YES;
				ENABLE_USER_SCRIPT_SANDBOXING = YES;
				GCC_C_LANGUAGE_STANDARD = gnu17;
				GCC_NO_COMMON_BLOCKS = YES;
				GCC_WARN_64_TO_32_BIT_CONVERSION = YES;
				GCC_WARN_ABOUT_RETURN_TYPE = YES_ERROR;
				GCC_WARN_UNDECLARED_SELECTOR = YES;
				GCC_WARN_UNINITIALIZED_AUTOS = YES_AGGRESSIVE;
				GCC_WARN_UNUSED_FUNCTION = YES;
				GCC_WARN_UNUSED_VARIABLE = YES;
				IPHONEOS_DEPLOYMENT_TARGET = 18.2;
				LOCALIZATION_PREFERS_STRING_CATALOGS = YES;
				MTL_ENABLE_DEBUG_INFO = NO;
				MTL_FAST_MATH = YES;
				SDKROOT = iphoneos;
				SWIFT_COMPILATION_MODE = wholemodule;
				VALIDATE_PRODUCT = YES;
			};
			name = Release;
		};
		A369C1DE2D4121BF003EA6F6 /* Debug */ = {
			isa = XCBuildConfiguration;
			buildSettings = {
				ASSETCATALOG_COMPILER_APPICON_NAME = AppIcon;
				ASSETCATALOG_COMPILER_GLOBAL_ACCENT_COLOR_NAME = AccentColor;
				CODE_SIGN_STYLE = Automatic;
				CURRENT_PROJECT_VERSION = 1;
				DEVELOPMENT_ASSET_PATHS = "\"SnowSeeker/Preview Content\"";
				DEVELOPMENT_TEAM = DG4449RVDY;
				ENABLE_PREVIEWS = YES;
				GENERATE_INFOPLIST_FILE = YES;
				INFOPLIST_KEY_UIApplicationSceneManifest_Generation = YES;
				INFOPLIST_KEY_UIApplicationSupportsIndirectInputEvents = YES;
				INFOPLIST_KEY_UILaunchScreen_Generation = YES;
				INFOPLIST_KEY_UISupportedInterfaceOrientations_iPad = "UIInterfaceOrientationPortrait UIInterfaceOrientationPortraitUpsideDown UIInterfaceOrientationLandscapeLeft UIInterfaceOrientationLandscapeRight";
				INFOPLIST_KEY_UISupportedInterfaceOrientations_iPhone = "UIInterfaceOrientationPortrait UIInterfaceOrientationLandscapeLeft UIInterfaceOrientationLandscapeRight";
				LD_RUNPATH_SEARCH_PATHS = (
					"$(inherited)",
					"@executable_path/Frameworks",
				);
				MARKETING_VERSION = 1.0;
				PRODUCT_BUNDLE_IDENTIFIER = com.gc.SnowSeeker;
				PRODUCT_NAME = "$(TARGET_NAME)";
				SWIFT_EMIT_LOC_STRINGS = YES;
				SWIFT_VERSION = 5.0;
				TARGETED_DEVICE_FAMILY = "1,2";
			};
			name = Debug;
		};
		A369C1DF2D4121BF003EA6F6 /* Release */ = {
			isa = XCBuildConfiguration;
			buildSettings = {
				ASSETCATALOG_COMPILER_APPICON_NAME = AppIcon;
				ASSETCATALOG_COMPILER_GLOBAL_ACCENT_COLOR_NAME = AccentColor;
				CODE_SIGN_STYLE = Automatic;
				CURRENT_PROJECT_VERSION = 1;
				DEVELOPMENT_ASSET_PATHS = "\"SnowSeeker/Preview Content\"";
				DEVELOPMENT_TEAM = DG4449RVDY;
				ENABLE_PREVIEWS = YES;
				GENERATE_INFOPLIST_FILE = YES;
				INFOPLIST_KEY_UIApplicationSceneManifest_Generation = YES;
				INFOPLIST_KEY_UIApplicationSupportsIndirectInputEvents = YES;
				INFOPLIST_KEY_UILaunchScreen_Generation = YES;
				INFOPLIST_KEY_UISupportedInterfaceOrientations_iPad = "UIInterfaceOrientationPortrait UIInterfaceOrientationPortraitUpsideDown UIInterfaceOrientationLandscapeLeft UIInterfaceOrientationLandscapeRight";
				INFOPLIST_KEY_UISupportedInterfaceOrientations_iPhone = "UIInterfaceOrientationPortrait UIInterfaceOrientationLandscapeLeft UIInterfaceOrientationLandscapeRight";
				LD_RUNPATH_SEARCH_PATHS = (
					"$(inherited)",
					"@executable_path/Frameworks",
				);
				MARKETING_VERSION = 1.0;
				PRODUCT_BUNDLE_IDENTIFIER = com.gc.SnowSeeker;
				PRODUCT_NAME = "$(TARGET_NAME)";
				SWIFT_EMIT_LOC_STRINGS = YES;
				SWIFT_VERSION = 5.0;
				TARGETED_DEVICE_FAMILY = "1,2";
			};
			name = Release;
		};
		A369C1E12D4121BF003EA6F6 /* Debug */ = {
			isa = XCBuildConfiguration;
			buildSettings = {
				BUNDLE_LOADER = "$(TEST_HOST)";
				CODE_SIGN_STYLE = Automatic;
				CURRENT_PROJECT_VERSION = 1;
				DEVELOPMENT_TEAM = DG4449RVDY;
				GENERATE_INFOPLIST_FILE = YES;
				IPHONEOS_DEPLOYMENT_TARGET = 18.2;
				MARKETING_VERSION = 1.0;
				PRODUCT_BUNDLE_IDENTIFIER = com.gc.SnowSeekerTests;
				PRODUCT_NAME = "$(TARGET_NAME)";
				SWIFT_EMIT_LOC_STRINGS = NO;
				SWIFT_VERSION = 5.0;
				TARGETED_DEVICE_FAMILY = "1,2";
				TEST_HOST = "$(BUILT_PRODUCTS_DIR)/SnowSeeker.app/$(BUNDLE_EXECUTABLE_FOLDER_PATH)/SnowSeeker";
			};
			name = Debug;
		};
		A369C1E22D4121BF003EA6F6 /* Release */ = {
			isa = XCBuildConfiguration;
			buildSettings = {
				BUNDLE_LOADER = "$(TEST_HOST)";
				CODE_SIGN_STYLE = Automatic;
				CURRENT_PROJECT_VERSION = 1;
				DEVELOPMENT_TEAM = DG4449RVDY;
				GENERATE_INFOPLIST_FILE = YES;
				IPHONEOS_DEPLOYMENT_TARGET = 18.2;
				MARKETING_VERSION = 1.0;
				PRODUCT_BUNDLE_IDENTIFIER = com.gc.SnowSeekerTests;
				PRODUCT_NAME = "$(TARGET_NAME)";
				SWIFT_EMIT_LOC_STRINGS = NO;
				SWIFT_VERSION = 5.0;
				TARGETED_DEVICE_FAMILY = "1,2";
				TEST_HOST = "$(BUILT_PRODUCTS_DIR)/SnowSeeker.app/$(BUNDLE_EXECUTABLE_FOLDER_PATH)/SnowSeeker";
			};
			name = Release;
		};
		A369C1E42D4121BF003EA6F6 /* Debug */ = {
			isa = XCBuildConfiguration;
			buildSettings = {
				CODE_SIGN_STYLE = Automatic;
				CURRENT_PROJECT_VERSION = 1;
				DEVELOPMENT_TEAM = DG4449RVDY;
				GENERATE_INFOPLIST_FILE = YES;
				MARKETING_VERSION = 1.0;
				PRODUCT_BUNDLE_IDENTIFIER = com.gc.SnowSeekerUITests;
				PRODUCT_NAME = "$(TARGET_NAME)";
				SWIFT_EMIT_LOC_STRINGS = NO;
				SWIFT_VERSION = 5.0;
				TARGETED_DEVICE_FAMILY = "1,2";
				TEST_TARGET_NAME = SnowSeeker;
			};
			name = Debug;
		};
		A369C1E52D4121BF003EA6F6 /* Release */ = {
			isa = XCBuildConfiguration;
			buildSettings = {
				CODE_SIGN_STYLE = Automatic;
				CURRENT_PROJECT_VERSION = 1;
				DEVELOPMENT_TEAM = DG4449RVDY;
				GENERATE_INFOPLIST_FILE = YES;
				MARKETING_VERSION = 1.0;
				PRODUCT_BUNDLE_IDENTIFIER = com.gc.SnowSeekerUITests;
				PRODUCT_NAME = "$(TARGET_NAME)";
				SWIFT_EMIT_LOC_STRINGS = NO;
				SWIFT_VERSION = 5.0;
				TARGETED_DEVICE_FAMILY = "1,2";
				TEST_TARGET_NAME = SnowSeeker;
			};
			name = Release;
		};
/* End XCBuildConfiguration section */

/* Begin XCConfigurationList section */
		A369C1B42D4121BD003EA6F6 /* Build configuration list for PBXProject "SnowSeeker" */ = {
			isa = XCConfigurationList;
			buildConfigurations = (
				A369C1DB2D4121BF003EA6F6 /* Debug */,
				A369C1DC2D4121BF003EA6F6 /* Release */,
			);
			defaultConfigurationIsVisible = 0;
			defaultConfigurationName = Release;
		};
		A369C1DD2D4121BF003EA6F6 /* Build configuration list for PBXNativeTarget "SnowSeeker" */ = {
			isa = XCConfigurationList;
			buildConfigurations = (
				A369C1DE2D4121BF003EA6F6 /* Debug */,
				A369C1DF2D4121BF003EA6F6 /* Release */,
			);
			defaultConfigurationIsVisible = 0;
			defaultConfigurationName = Release;
		};
		A369C1E02D4121BF003EA6F6 /* Build configuration list for PBXNativeTarget "SnowSeekerTests" */ = {
			isa = XCConfigurationList;
			buildConfigurations = (
				A369C1E12D4121BF003EA6F6 /* Debug */,
				A369C1E22D4121BF003EA6F6 /* Release */,
			);
			defaultConfigurationIsVisible = 0;
			defaultConfigurationName = Release;
		};
		A369C1E32D4121BF003EA6F6 /* Build configuration list for PBXNativeTarget "SnowSeekerUITests" */ = {
			isa = XCConfigurationList;
			buildConfigurations = (
				A369C1E42D4121BF003EA6F6 /* Debug */,
				A369C1E52D4121BF003EA6F6 /* Release */,
			);
			defaultConfigurationIsVisible = 0;
			defaultConfigurationName = Release;
		};
/* End XCConfigurationList section */
	};
	rootObject = A369C1B12D4121BD003EA6F6 /* Project object */;
}
